
Microsoft Visual Studio Solution File, Format Version 12.00
# Visual Studio Version 16
VisualStudioVersion = 16.0.30621.155
MinimumVisualStudioVersion = 10.0.40219.1
Project("{9A19103F-16F7-4668-BE54-9A1E7A4F7556}") = "SeaB​attle", "SeaB​attle.csproj", "{EC8EA813-1153-473B-B6B0-79B8AD53DC87}"
EndProject
Global
	GlobalSection(SolutionConfigurationPlatforms) = preSolution
		Debug|Any CPU = Debug|Any CPU
		Release|Any CPU = Release|Any CPU
	EndGlobalSection
	GlobalSection(ProjectConfigurationPlatforms) = postSolution
		{EC8EA813-1153-473B-B6B0-79B8AD53DC87}.Debug|Any CPU.ActiveCfg = Debug|Any CPU
		{EC8EA813-1153-473B-B6B0-79B8AD53DC87}.Debug|Any CPU.Build.0 = Debug|Any CPU
		{EC8EA813-1153-473B-B6B0-79B8AD53DC87}.Release|Any CPU.ActiveCfg = Release|Any CPU
		{EC8EA813-1153-473B-B6B0-79B8AD53DC87}.Release|Any CPU.Build.0 = Release|Any CPU
	EndGlobalSection
	GlobalSection(SolutionProperties) = preSolution
		HideSolutionNode = FALSE
	EndGlobalSection
	GlobalSection(ExtensibilityGlobals) = postSolution
		SolutionGuid = {12286AF8-A5A0-44B8-A4BA-A1B06A99EB80}
	EndGlobalSection
EndGlobal
