
Microsoft Visual Studio Solution File, Format Version 12.00
# Visual Studio Version 16
VisualStudioVersion = 16.0.31306.274
MinimumVisualStudioVersion = 10.0.40219.1
Project("{FAE04EC0-301F-11D3-BF4B-00C04F79EFBC}") = "TextRPG", "TextRPG.csproj", "{E2845115-0179-4783-8F16-0DED034144BF}"
EndProject
Global
	GlobalSection(SolutionConfigurationPlatforms) = preSolution
		Debug|Any CPU = Debug|Any CPU
		Release|Any CPU = Release|Any CPU
	EndGlobalSection
	GlobalSection(ProjectConfigurationPlatforms) = postSolution
		{E2845115-0179-4783-8F16-0DED034144BF}.Debug|Any CPU.ActiveCfg = Debug|Any CPU
		{E2845115-0179-4783-8F16-0DED034144BF}.Debug|Any CPU.Build.0 = Debug|Any CPU
		{E2845115-0179-4783-8F16-0DED034144BF}.Release|Any CPU.ActiveCfg = Release|Any CPU
		{E2845115-0179-4783-8F16-0DED034144BF}.Release|Any CPU.Build.0 = Release|Any CPU
	EndGlobalSection
	GlobalSection(SolutionProperties) = preSolution
		HideSolutionNode = FALSE
	EndGlobalSection
	GlobalSection(ExtensibilityGlobals) = postSolution
		SolutionGuid = {E011A12B-FEF4-4088-A81C-F7B5E94FF84E}
	EndGlobalSection
EndGlobal
