
Microsoft Visual Studio Solution File, Format Version 12.00
# Visual Studio Version 17
VisualStudioVersion = 17.0.31512.422
MinimumVisualStudioVersion = 10.0.40219.1
Project("{9A19103F-16F7-4668-BE54-9A1E7A4F7556}") = "EsterrierClasses", "EsterrierClasses\EsterrierClasses.csproj", "{3D66A930-B447-4EAD-8104-FE30212AEACD}"
EndProject
Project("{9A19103F-16F7-4668-BE54-9A1E7A4F7556}") = "WinForms", "WinForms\WinForms.csproj", "{0B6DF4B8-7E7A-448A-BD08-E496CB81A676}"
EndProject
Project("{9A19103F-16F7-4668-BE54-9A1E7A4F7556}") = "Console", "Console\Console.csproj", "{3707A74F-D77E-46C0-BD75-0FADAC28261C}"
EndProject
Global
	GlobalSection(SolutionConfigurationPlatforms) = preSolution
		Debug|Any CPU = Debug|Any CPU
		Release|Any CPU = Release|Any CPU
	EndGlobalSection
	GlobalSection(ProjectConfigurationPlatforms) = postSolution
		{3D66A930-B447-4EAD-8104-FE30212AEACD}.Debug|Any CPU.ActiveCfg = Debug|Any CPU
		{3D66A930-B447-4EAD-8104-FE30212AEACD}.Debug|Any CPU.Build.0 = Debug|Any CPU
		{3D66A930-B447-4EAD-8104-FE30212AEACD}.Release|Any CPU.ActiveCfg = Release|Any CPU
		{3D66A930-B447-4EAD-8104-FE30212AEACD}.Release|Any CPU.Build.0 = Release|Any CPU
		{0B6DF4B8-7E7A-448A-BD08-E496CB81A676}.Debug|Any CPU.ActiveCfg = Debug|Any CPU
		{0B6DF4B8-7E7A-448A-BD08-E496CB81A676}.Debug|Any CPU.Build.0 = Debug|Any CPU
		{0B6DF4B8-7E7A-448A-BD08-E496CB81A676}.Release|Any CPU.ActiveCfg = Release|Any CPU
		{0B6DF4B8-7E7A-448A-BD08-E496CB81A676}.Release|Any CPU.Build.0 = Release|Any CPU
		{3707A74F-D77E-46C0-BD75-0FADAC28261C}.Debug|Any CPU.ActiveCfg = Debug|Any CPU
		{3707A74F-D77E-46C0-BD75-0FADAC28261C}.Debug|Any CPU.Build.0 = Debug|Any CPU
		{3707A74F-D77E-46C0-BD75-0FADAC28261C}.Release|Any CPU.ActiveCfg = Release|Any CPU
		{3707A74F-D77E-46C0-BD75-0FADAC28261C}.Release|Any CPU.Build.0 = Release|Any CPU
	EndGlobalSection
	GlobalSection(SolutionProperties) = preSolution
		HideSolutionNode = FALSE
	EndGlobalSection
	GlobalSection(ExtensibilityGlobals) = postSolution
		SolutionGuid = {F7048B98-E3C8-4298-A10E-19AC577790FD}
	EndGlobalSection
EndGlobal
